
Microsoft Visual Studio Solution File, Format Version 12.00
# Visual Studio 2015
Project("{FAE04EC0-301F-11D3-BF4B-00C04F79EFBC}") = "master.CSharp.Plugins", "master.CSharp.Plugins.csproj", "{7AEE1214-5018-7A65-B441-7A6C445BB093}"
EndProject
Project("{FAE04EC0-301F-11D3-BF4B-00C04F79EFBC}") = "master.CSharp", "master.CSharp.csproj", "{774C72A9-86D1-03C2-672D-48AC25286871}"
EndProject
Project("{FAE04EC0-301F-11D3-BF4B-00C04F79EFBC}") = "master.CSharp.Editor", "master.CSharp.Editor.csproj", "{D495581B-9E6B-75BB-7EDF-861A84073772}"
EndProject
Global
	GlobalSection(SolutionConfigurationPlatforms) = preSolution
		Debug|Any CPU = Debug|Any CPU
		Release|Any CPU = Release|Any CPU
	EndGlobalSection
	GlobalSection(ProjectConfigurationPlatforms) = postSolution
		{7AEE1214-5018-7A65-B441-7A6C445BB093}.Debug|Any CPU.ActiveCfg = Debug|Any CPU
		{7AEE1214-5018-7A65-B441-7A6C445BB093}.Debug|Any CPU.Build.0 = Debug|Any CPU
		{7AEE1214-5018-7A65-B441-7A6C445BB093}.Release|Any CPU.ActiveCfg = Release|Any CPU
		{7AEE1214-5018-7A65-B441-7A6C445BB093}.Release|Any CPU.Build.0 = Release|Any CPU
		{774C72A9-86D1-03C2-672D-48AC25286871}.Debug|Any CPU.ActiveCfg = Debug|Any CPU
		{774C72A9-86D1-03C2-672D-48AC25286871}.Debug|Any CPU.Build.0 = Debug|Any CPU
		{774C72A9-86D1-03C2-672D-48AC25286871}.Release|Any CPU.ActiveCfg = Release|Any CPU
		{774C72A9-86D1-03C2-672D-48AC25286871}.Release|Any CPU.Build.0 = Release|Any CPU
		{D495581B-9E6B-75BB-7EDF-861A84073772}.Debug|Any CPU.ActiveCfg = Debug|Any CPU
		{D495581B-9E6B-75BB-7EDF-861A84073772}.Debug|Any CPU.Build.0 = Debug|Any CPU
		{D495581B-9E6B-75BB-7EDF-861A84073772}.Release|Any CPU.ActiveCfg = Release|Any CPU
		{D495581B-9E6B-75BB-7EDF-861A84073772}.Release|Any CPU.Build.0 = Release|Any CPU
	EndGlobalSection
	GlobalSection(SolutionProperties) = preSolution
		HideSolutionNode = FALSE
	EndGlobalSection
EndGlobal
